
Microsoft Visual Studio Solution File, Format Version 12.00
# Visual Studio Version 17
VisualStudioVersion = 17.0.31903.59
MinimumVisualStudioVersion = 10.0.40219.1
Project("{2150E333-8FDC-42A3-9474-1A3956D46DE8}") = "src", "src", "{BF6FE500-AEB5-4630-8616-B32ED87E3392}"
EndProject
Project("{FAE04EC0-301F-11D3-BF4B-00C04F79EFBC}") = "Agents", "src\Agents\Agents.csproj", "{22429C23-983B-49AA-9E66-8C0A9B8CF33D}"
EndProject
Project("{FAE04EC0-301F-11D3-BF4B-00C04F79EFBC}") = "Cli", "src\Cli\Cli.csproj", "{D0DCCF79-DD4B-4CBD-A04F-1A2089195B50}"
EndProject
Project("{FAE04EC0-301F-11D3-BF4B-00C04F79EFBC}") = "Simulator", "src\Simulator\Simulator.csproj", "{21A7D48C-6500-4C62-8583-FF977EDDDC1D}"
EndProject
Project("{2150E333-8FDC-42A3-9474-1A3956D46DE8}") = "test", "test", "{A06DF2BA-1DE5-47E6-A8A0-BC846A577AEA}"
EndProject
Project("{FAE04EC0-301F-11D3-BF4B-00C04F79EFBC}") = "SimulatorTests", "test\SimulatorTests\SimulatorTests.csproj", "{383B2D74-A9AD-46EC-8BC6-DAF8CB5659BA}"
EndProject
Global
	GlobalSection(SolutionConfigurationPlatforms) = preSolution
		Debug|Any CPU = Debug|Any CPU
		Release|Any CPU = Release|Any CPU
	EndGlobalSection
	GlobalSection(SolutionProperties) = preSolution
		HideSolutionNode = FALSE
	EndGlobalSection
	GlobalSection(ProjectConfigurationPlatforms) = postSolution
		{22429C23-983B-49AA-9E66-8C0A9B8CF33D}.Debug|Any CPU.ActiveCfg = Debug|Any CPU
		{22429C23-983B-49AA-9E66-8C0A9B8CF33D}.Debug|Any CPU.Build.0 = Debug|Any CPU
		{22429C23-983B-49AA-9E66-8C0A9B8CF33D}.Release|Any CPU.ActiveCfg = Release|Any CPU
		{22429C23-983B-49AA-9E66-8C0A9B8CF33D}.Release|Any CPU.Build.0 = Release|Any CPU
		{D0DCCF79-DD4B-4CBD-A04F-1A2089195B50}.Debug|Any CPU.ActiveCfg = Debug|Any CPU
		{D0DCCF79-DD4B-4CBD-A04F-1A2089195B50}.Debug|Any CPU.Build.0 = Debug|Any CPU
		{D0DCCF79-DD4B-4CBD-A04F-1A2089195B50}.Release|Any CPU.ActiveCfg = Release|Any CPU
		{D0DCCF79-DD4B-4CBD-A04F-1A2089195B50}.Release|Any CPU.Build.0 = Release|Any CPU
		{21A7D48C-6500-4C62-8583-FF977EDDDC1D}.Debug|Any CPU.ActiveCfg = Debug|Any CPU
		{21A7D48C-6500-4C62-8583-FF977EDDDC1D}.Debug|Any CPU.Build.0 = Debug|Any CPU
		{21A7D48C-6500-4C62-8583-FF977EDDDC1D}.Release|Any CPU.ActiveCfg = Release|Any CPU
		{21A7D48C-6500-4C62-8583-FF977EDDDC1D}.Release|Any CPU.Build.0 = Release|Any CPU
		{383B2D74-A9AD-46EC-8BC6-DAF8CB5659BA}.Debug|Any CPU.ActiveCfg = Debug|Any CPU
		{383B2D74-A9AD-46EC-8BC6-DAF8CB5659BA}.Debug|Any CPU.Build.0 = Debug|Any CPU
		{383B2D74-A9AD-46EC-8BC6-DAF8CB5659BA}.Release|Any CPU.ActiveCfg = Release|Any CPU
		{383B2D74-A9AD-46EC-8BC6-DAF8CB5659BA}.Release|Any CPU.Build.0 = Release|Any CPU
	EndGlobalSection
	GlobalSection(NestedProjects) = preSolution
		{22429C23-983B-49AA-9E66-8C0A9B8CF33D} = {BF6FE500-AEB5-4630-8616-B32ED87E3392}
		{D0DCCF79-DD4B-4CBD-A04F-1A2089195B50} = {BF6FE500-AEB5-4630-8616-B32ED87E3392}
		{21A7D48C-6500-4C62-8583-FF977EDDDC1D} = {BF6FE500-AEB5-4630-8616-B32ED87E3392}
		{383B2D74-A9AD-46EC-8BC6-DAF8CB5659BA} = {A06DF2BA-1DE5-47E6-A8A0-BC846A577AEA}
	EndGlobalSection
EndGlobal
