
Microsoft Visual Studio Solution File, Format Version 12.00
# Visual Studio Version 17
VisualStudioVersion = 17.0.31903.59
MinimumVisualStudioVersion = 10.0.40219.1
Project("{2150E333-8FDC-42A3-9474-1A3956D46DE8}") = "src", "src", "{BF6FE500-AEB5-4630-8616-B32ED87E3392}"
EndProject
Project("{FAE04EC0-301F-11D3-BF4B-00C04F79EFBC}") = "Common", "src\Common\Common.csproj", "{D592A417-DD16-4FC5-B530-2EAFEBF9CF0C}"
EndProject
Project("{FAE04EC0-301F-11D3-BF4B-00C04F79EFBC}") = "Agents", "src\Agents\Agents.csproj", "{22429C23-983B-49AA-9E66-8C0A9B8CF33D}"
EndProject
Project("{FAE04EC0-301F-11D3-BF4B-00C04F79EFBC}") = "Cli", "src\Cli\Cli.csproj", "{D0DCCF79-DD4B-4CBD-A04F-1A2089195B50}"
EndProject
Global
	GlobalSection(SolutionConfigurationPlatforms) = preSolution
		Debug|Any CPU = Debug|Any CPU
		Release|Any CPU = Release|Any CPU
	EndGlobalSection
	GlobalSection(SolutionProperties) = preSolution
		HideSolutionNode = FALSE
	EndGlobalSection
	GlobalSection(ProjectConfigurationPlatforms) = postSolution
		{D592A417-DD16-4FC5-B530-2EAFEBF9CF0C}.Debug|Any CPU.ActiveCfg = Debug|Any CPU
		{D592A417-DD16-4FC5-B530-2EAFEBF9CF0C}.Debug|Any CPU.Build.0 = Debug|Any CPU
		{D592A417-DD16-4FC5-B530-2EAFEBF9CF0C}.Release|Any CPU.ActiveCfg = Release|Any CPU
		{D592A417-DD16-4FC5-B530-2EAFEBF9CF0C}.Release|Any CPU.Build.0 = Release|Any CPU
		{22429C23-983B-49AA-9E66-8C0A9B8CF33D}.Debug|Any CPU.ActiveCfg = Debug|Any CPU
		{22429C23-983B-49AA-9E66-8C0A9B8CF33D}.Debug|Any CPU.Build.0 = Debug|Any CPU
		{22429C23-983B-49AA-9E66-8C0A9B8CF33D}.Release|Any CPU.ActiveCfg = Release|Any CPU
		{22429C23-983B-49AA-9E66-8C0A9B8CF33D}.Release|Any CPU.Build.0 = Release|Any CPU
		{D0DCCF79-DD4B-4CBD-A04F-1A2089195B50}.Debug|Any CPU.ActiveCfg = Debug|Any CPU
		{D0DCCF79-DD4B-4CBD-A04F-1A2089195B50}.Debug|Any CPU.Build.0 = Debug|Any CPU
		{D0DCCF79-DD4B-4CBD-A04F-1A2089195B50}.Release|Any CPU.ActiveCfg = Release|Any CPU
		{D0DCCF79-DD4B-4CBD-A04F-1A2089195B50}.Release|Any CPU.Build.0 = Release|Any CPU
	EndGlobalSection
	GlobalSection(NestedProjects) = preSolution
		{D592A417-DD16-4FC5-B530-2EAFEBF9CF0C} = {BF6FE500-AEB5-4630-8616-B32ED87E3392}
		{22429C23-983B-49AA-9E66-8C0A9B8CF33D} = {BF6FE500-AEB5-4630-8616-B32ED87E3392}
		{D0DCCF79-DD4B-4CBD-A04F-1A2089195B50} = {BF6FE500-AEB5-4630-8616-B32ED87E3392}
	EndGlobalSection
EndGlobal
