
Microsoft Visual Studio Solution File, Format Version 12.00
# Visual Studio Version 17
VisualStudioVersion = 17.0.31903.59
MinimumVisualStudioVersion = 10.0.40219.1
Project("{2150E333-8FDC-42A3-9474-1A3956D46DE8}") = "src", "src", "{22179084-7C4D-44E1-9981-26AF361B320F}"
EndProject
Project("{FAE04EC0-301F-11D3-BF4B-00C04F79EFBC}") = "Lightspeed", "src\Lightspeed\Lightspeed.csproj", "{3E326D64-2B97-4AA9-8014-2FBD3E5C078C}"
EndProject
Global
	GlobalSection(SolutionConfigurationPlatforms) = preSolution
		Debug|Any CPU = Debug|Any CPU
		Release|Any CPU = Release|Any CPU
	EndGlobalSection
	GlobalSection(SolutionProperties) = preSolution
		HideSolutionNode = FALSE
	EndGlobalSection
	GlobalSection(ProjectConfigurationPlatforms) = postSolution
		{3E326D64-2B97-4AA9-8014-2FBD3E5C078C}.Debug|Any CPU.ActiveCfg = Debug|Any CPU
		{3E326D64-2B97-4AA9-8014-2FBD3E5C078C}.Debug|Any CPU.Build.0 = Debug|Any CPU
		{3E326D64-2B97-4AA9-8014-2FBD3E5C078C}.Release|Any CPU.ActiveCfg = Release|Any CPU
		{3E326D64-2B97-4AA9-8014-2FBD3E5C078C}.Release|Any CPU.Build.0 = Release|Any CPU
	EndGlobalSection
	GlobalSection(NestedProjects) = preSolution
		{3E326D64-2B97-4AA9-8014-2FBD3E5C078C} = {22179084-7C4D-44E1-9981-26AF361B320F}
	EndGlobalSection
EndGlobal
